// !$*UTF8*$!
{
	archiveVersion = 1;
	classes = {
	};
	objectVersion = 51;
	objects = {

/* Begin PBXBuildFile section */
		A501516B2757F84600DD666E /* SocketIOManager.swift in Sources */ = {isa = PBXBuildFile; fileRef = A50151682757F84600DD666E /* SocketIOManager.swift */; };
		A5035FBA27578B45007E379D /* AppDelegate.swift in Sources */ = {isa = PBXBuildFile; fileRef = A5035FB927578B45007E379D /* AppDelegate.swift */; };
		A5035FBC27578B45007E379D /* SceneDelegate.swift in Sources */ = {isa = PBXBuildFile; fileRef = A5035FBB27578B45007E379D /* SceneDelegate.swift */; };
		A5035FBE27578B45007E379D /* ViewController.swift in Sources */ = {isa = PBXBuildFile; fileRef = A5035FBD27578B45007E379D /* ViewController.swift */; };
		A5035FC127578B45007E379D /* Main.storyboard in Resources */ = {isa = PBXBuildFile; fileRef = A5035FBF27578B45007E379D /* Main.storyboard */; };
		A5035FC327578B48007E379D /* Assets.xcassets in Resources */ = {isa = PBXBuildFile; fileRef = A5035FC227578B48007E379D /* Assets.xcassets */; };
		A5035FC627578B48007E379D /* LaunchScreen.storyboard in Resources */ = {isa = PBXBuildFile; fileRef = A5035FC427578B48007E379D /* LaunchScreen.storyboard */; };
		A5097A552757A14700CE7DB5 /* SpheroToyBox.swift in Sources */ = {isa = PBXBuildFile; fileRef = A5097A542757A14700CE7DB5 /* SpheroToyBox.swift */; };
		A5097A582757A18000CE7DB5 /* SDKUtils.swift in Sources */ = {isa = PBXBuildFile; fileRef = A5097A572757A18000CE7DB5 /* SDKUtils.swift */; };
		A5097A5C2757A1A300CE7DB5 /* Color+Utils.swift in Sources */ = {isa = PBXBuildFile; fileRef = A5097A592757A1A300CE7DB5 /* Color+Utils.swift */; };
		A5097A5D2757A1A300CE7DB5 /* Double+Utils.swift in Sources */ = {isa = PBXBuildFile; fileRef = A5097A5A2757A1A300CE7DB5 /* Double+Utils.swift */; };
		A5097A5E2757A1A300CE7DB5 /* String+Utils.swift in Sources */ = {isa = PBXBuildFile; fileRef = A5097A5B2757A1A300CE7DB5 /* String+Utils.swift */; };
		A5097A752757A1D000CE7DB5 /* Toy.swift in Sources */ = {isa = PBXBuildFile; fileRef = A5097A612757A1CF00CE7DB5 /* Toy.swift */; };
		A5097A762757A1D000CE7DB5 /* SensorControl.swift in Sources */ = {isa = PBXBuildFile; fileRef = A5097A622757A1CF00CE7DB5 /* SensorControl.swift */; };
		A5097A772757A1D000CE7DB5 /* SPRKToy.swift in Sources */ = {isa = PBXBuildFile; fileRef = A5097A642757A1CF00CE7DB5 /* SPRKToy.swift */; };
		A5097A782757A1D000CE7DB5 /* SensorControlV1.swift in Sources */ = {isa = PBXBuildFile; fileRef = A5097A652757A1CF00CE7DB5 /* SensorControlV1.swift */; };
		A5097A792757A1D000CE7DB5 /* SpheroV1Toy.swift in Sources */ = {isa = PBXBuildFile; fileRef = A5097A662757A1CF00CE7DB5 /* SpheroV1Toy.swift */; };
		A5097A7A2757A1D000CE7DB5 /* SpheroV1ToyCore.swift in Sources */ = {isa = PBXBuildFile; fileRef = A5097A672757A1CF00CE7DB5 /* SpheroV1ToyCore.swift */; };
		A5097A7B2757A1D000CE7DB5 /* BB8Toy.swift in Sources */ = {isa = PBXBuildFile; fileRef = A5097A682757A1CF00CE7DB5 /* BB8Toy.swift */; };
		A5097A7C2757A1D000CE7DB5 /* SensorControlV2.swift in Sources */ = {isa = PBXBuildFile; fileRef = A5097A6A2757A1CF00CE7DB5 /* SensorControlV2.swift */; };
		A5097A7D2757A1D000CE7DB5 /* BB9EToy.swift in Sources */ = {isa = PBXBuildFile; fileRef = A5097A6B2757A1CF00CE7DB5 /* BB9EToy.swift */; };
		A5097A7E2757A1D000CE7DB5 /* SpheroV2Toy.swift in Sources */ = {isa = PBXBuildFile; fileRef = A5097A6C2757A1CF00CE7DB5 /* SpheroV2Toy.swift */; };
		A5097A7F2757A1D000CE7DB5 /* BoltToy.swift in Sources */ = {isa = PBXBuildFile; fileRef = A5097A6D2757A1CF00CE7DB5 /* BoltToy.swift */; };
		A5097A802757A1D000CE7DB5 /* R2D2Toy.swift in Sources */ = {isa = PBXBuildFile; fileRef = A5097A6E2757A1CF00CE7DB5 /* R2D2Toy.swift */; };
		A5097A812757A1D000CE7DB5 /* SpheroV2ToyCore.swift in Sources */ = {isa = PBXBuildFile; fileRef = A5097A6F2757A1CF00CE7DB5 /* SpheroV2ToyCore.swift */; };
		A5097A822757A1D000CE7DB5 /* MiniToy.swift in Sources */ = {isa = PBXBuildFile; fileRef = A5097A702757A1CF00CE7DB5 /* MiniToy.swift */; };
		A5097A832757A1D000CE7DB5 /* ToyProtocols.swift in Sources */ = {isa = PBXBuildFile; fileRef = A5097A712757A1CF00CE7DB5 /* ToyProtocols.swift */; };
		A5097A842757A1D000CE7DB5 /* CBUUID+SpheroUUIDs.swift in Sources */ = {isa = PBXBuildFile; fileRef = A5097A722757A1D000CE7DB5 /* CBUUID+SpheroUUIDs.swift */; };
		A5097A852757A1D000CE7DB5 /* ToyBox.swift in Sources */ = {isa = PBXBuildFile; fileRef = A5097A742757A1D000CE7DB5 /* ToyBox.swift */; };
		A5097A982757A20C00CE7DB5 /* SensorUtils.swift in Sources */ = {isa = PBXBuildFile; fileRef = A5097A872757A20C00CE7DB5 /* SensorUtils.swift */; };
		A5097A992757A20C00CE7DB5 /* CommandOperationV2.swift in Sources */ = {isa = PBXBuildFile; fileRef = A5097A892757A20C00CE7DB5 /* CommandOperationV2.swift */; };
		A5097A9A2757A20C00CE7DB5 /* CommandSequencerV2.swift in Sources */ = {isa = PBXBuildFile; fileRef = A5097A8A2757A20C00CE7DB5 /* CommandSequencerV2.swift */; };
		A5097A9B2757A20C00CE7DB5 /* CommandV2.swift in Sources */ = {isa = PBXBuildFile; fileRef = A5097A8B2757A20C00CE7DB5 /* CommandV2.swift */; };
		A5097A9C2757A20C00CE7DB5 /* VersionsCommandResponse.swift in Sources */ = {isa = PBXBuildFile; fileRef = A5097A8D2757A20C00CE7DB5 /* VersionsCommandResponse.swift */; };
		A5097A9D2757A20C00CE7DB5 /* ShouldActionCompleteResponse.swift in Sources */ = {isa = PBXBuildFile; fileRef = A5097A8E2757A20C00CE7DB5 /* ShouldActionCompleteResponse.swift */; };
		A5097A9E2757A20C00CE7DB5 /* SensorCommandResponseV2.swift in Sources */ = {isa = PBXBuildFile; fileRef = A5097A8F2757A20C00CE7DB5 /* SensorCommandResponseV2.swift */; };
		A5097A9F2757A20C00CE7DB5 /* SensorCommandResponse.swift in Sources */ = {isa = PBXBuildFile; fileRef = A5097A902757A20C00CE7DB5 /* SensorCommandResponse.swift */; };
		A5097AA02757A20C00CE7DB5 /* SensorMaskCommandResponse.swift in Sources */ = {isa = PBXBuildFile; fileRef = A5097A912757A20C00CE7DB5 /* SensorMaskCommandResponse.swift */; };
		A5097AA12757A20C00CE7DB5 /* PowerStateResponse.swift in Sources */ = {isa = PBXBuildFile; fileRef = A5097A922757A20C00CE7DB5 /* PowerStateResponse.swift */; };
		A5097AA22757A20C00CE7DB5 /* CollisionData.swift in Sources */ = {isa = PBXBuildFile; fileRef = A5097A932757A20C00CE7DB5 /* CollisionData.swift */; };
		A5097AA32757A20C00CE7DB5 /* CommandV1Operation.swift in Sources */ = {isa = PBXBuildFile; fileRef = A5097A952757A20C00CE7DB5 /* CommandV1Operation.swift */; };
		A5097AA42757A20C00CE7DB5 /* CommandV1Sequencer.swift in Sources */ = {isa = PBXBuildFile; fileRef = A5097A962757A20C00CE7DB5 /* CommandV1Sequencer.swift */; };
		A5097AA52757A20C00CE7DB5 /* CommandV1.swift in Sources */ = {isa = PBXBuildFile; fileRef = A5097A972757A20C00CE7DB5 /* CommandV1.swift */; };
		A5097AA92757A3EA00CE7DB5 /* ConnectionViewController.swift in Sources */ = {isa = PBXBuildFile; fileRef = A5097AA82757A3EA00CE7DB5 /* ConnectionViewController.swift */; };
		A55153A227580177000B2AA7 /* Pods_Projet_Drone.framework in Frameworks */ = {isa = PBXBuildFile; fileRef = 7E93886F2C69BF06624DF68E /* Pods_Projet_Drone.framework */; };
		A55E48E827591342003144AD /* IAViewController.swift in Sources */ = {isa = PBXBuildFile; fileRef = A55E48E727591342003144AD /* IAViewController.swift */; };
		A572E7EE2769F881008CBA6E /* XavierViewController.swift in Sources */ = {isa = PBXBuildFile; fileRef = A572E7ED2769F881008CBA6E /* XavierViewController.swift */; };
		A5A7D697276783A60040D450 /* PredictViewController.swift in Sources */ = {isa = PBXBuildFile; fileRef = A5A7D696276783A60040D450 /* PredictViewController.swift */; };
		A5E439BB27591646000FD6E6 /* GraphView.swift in Sources */ = {isa = PBXBuildFile; fileRef = A5E439B827591646000FD6E6 /* GraphView.swift */; };
		A5E439BC27591646000FD6E6 /* CGContext+GraphLines.swift in Sources */ = {isa = PBXBuildFile; fileRef = A5E439B927591646000FD6E6 /* CGContext+GraphLines.swift */; };
		A5E439BD27591646000FD6E6 /* GraphSegment.swift in Sources */ = {isa = PBXBuildFile; fileRef = A5E439BA27591646000FD6E6 /* GraphSegment.swift */; };
		A5E439C7275A2A4E000FD6E6 /* Storage.swift in Sources */ = {isa = PBXBuildFile; fileRef = A5E439BF275A2A4E000FD6E6 /* Storage.swift */; };
		A5E439C8275A2A4E000FD6E6 /* Random.swift in Sources */ = {isa = PBXBuildFile; fileRef = A5E439C0275A2A4E000FD6E6 /* Random.swift */; };
		A5E439C9275A2A4E000FD6E6 /* FFNN+Storage.swift in Sources */ = {isa = PBXBuildFile; fileRef = A5E439C1275A2A4E000FD6E6 /* FFNN+Storage.swift */; };
		A5E439CA275A2A4E000FD6E6 /* Vector.swift in Sources */ = {isa = PBXBuildFile; fileRef = A5E439C2275A2A4E000FD6E6 /* Vector.swift */; };
		A5E439CB275A2A4E000FD6E6 /* FFNN.swift in Sources */ = {isa = PBXBuildFile; fileRef = A5E439C3275A2A4E000FD6E6 /* FFNN.swift */; };
		A5E439CC275A2A4E000FD6E6 /* Operations.swift in Sources */ = {isa = PBXBuildFile; fileRef = A5E439C4275A2A4E000FD6E6 /* Operations.swift */; };
		A5E439CD275A2A4E000FD6E6 /* Matrix.swift in Sources */ = {isa = PBXBuildFile; fileRef = A5E439C5275A2A4E000FD6E6 /* Matrix.swift */; };
		A5E439CE275A2A4E000FD6E6 /* FFNN+Metal.swift in Sources */ = {isa = PBXBuildFile; fileRef = A5E439C6275A2A4E000FD6E6 /* FFNN+Metal.swift */; };
/* End PBXBuildFile section */

/* Begin PBXFileReference section */
		7E93886F2C69BF06624DF68E /* Pods_Projet_Drone.framework */ = {isa = PBXFileReference; explicitFileType = wrapper.framework; includeInIndex = 0; path = Pods_Projet_Drone.framework; sourceTree = BUILT_PRODUCTS_DIR; };
		A50151682757F84600DD666E /* SocketIOManager.swift */ = {isa = PBXFileReference; fileEncoding = 4; lastKnownFileType = sourcecode.swift; path = SocketIOManager.swift; sourceTree = "<group>"; };
		A5035FB627578B45007E379D /* Projet Drone.app */ = {isa = PBXFileReference; explicitFileType = wrapper.application; includeInIndex = 0; path = "Projet Drone.app"; sourceTree = BUILT_PRODUCTS_DIR; };
		A5035FB927578B45007E379D /* AppDelegate.swift */ = {isa = PBXFileReference; lastKnownFileType = sourcecode.swift; path = AppDelegate.swift; sourceTree = "<group>"; };
		A5035FBB27578B45007E379D /* SceneDelegate.swift */ = {isa = PBXFileReference; lastKnownFileType = sourcecode.swift; path = SceneDelegate.swift; sourceTree = "<group>"; };
		A5035FBD27578B45007E379D /* ViewController.swift */ = {isa = PBXFileReference; lastKnownFileType = sourcecode.swift; path = ViewController.swift; sourceTree = "<group>"; };
		A5035FC027578B45007E379D /* Base */ = {isa = PBXFileReference; lastKnownFileType = file.storyboard; name = Base; path = Base.lproj/Main.storyboard; sourceTree = "<group>"; };
		A5035FC227578B48007E379D /* Assets.xcassets */ = {isa = PBXFileReference; lastKnownFileType = folder.assetcatalog; path = Assets.xcassets; sourceTree = "<group>"; };
		A5035FC527578B48007E379D /* Base */ = {isa = PBXFileReference; lastKnownFileType = file.storyboard; name = Base; path = Base.lproj/LaunchScreen.storyboard; sourceTree = "<group>"; };
		A5035FC727578B48007E379D /* Info.plist */ = {isa = PBXFileReference; lastKnownFileType = text.plist.xml; path = Info.plist; sourceTree = "<group>"; };
		A5097A542757A14700CE7DB5 /* SpheroToyBox.swift */ = {isa = PBXFileReference; lastKnownFileType = sourcecode.swift; path = SpheroToyBox.swift; sourceTree = "<group>"; };
		A5097A572757A18000CE7DB5 /* SDKUtils.swift */ = {isa = PBXFileReference; lastKnownFileType = sourcecode.swift; path = SDKUtils.swift; sourceTree = "<group>"; };
		A5097A592757A1A300CE7DB5 /* Color+Utils.swift */ = {isa = PBXFileReference; fileEncoding = 4; lastKnownFileType = sourcecode.swift; path = "Color+Utils.swift"; sourceTree = "<group>"; };
		A5097A5A2757A1A300CE7DB5 /* Double+Utils.swift */ = {isa = PBXFileReference; fileEncoding = 4; lastKnownFileType = sourcecode.swift; path = "Double+Utils.swift"; sourceTree = "<group>"; };
		A5097A5B2757A1A300CE7DB5 /* String+Utils.swift */ = {isa = PBXFileReference; fileEncoding = 4; lastKnownFileType = sourcecode.swift; path = "String+Utils.swift"; sourceTree = "<group>"; };
		A5097A612757A1CF00CE7DB5 /* Toy.swift */ = {isa = PBXFileReference; fileEncoding = 4; lastKnownFileType = sourcecode.swift; path = Toy.swift; sourceTree = "<group>"; };
		A5097A622757A1CF00CE7DB5 /* SensorControl.swift */ = {isa = PBXFileReference; fileEncoding = 4; lastKnownFileType = sourcecode.swift; path = SensorControl.swift; sourceTree = "<group>"; };
		A5097A642757A1CF00CE7DB5 /* SPRKToy.swift */ = {isa = PBXFileReference; fileEncoding = 4; lastKnownFileType = sourcecode.swift; path = SPRKToy.swift; sourceTree = "<group>"; };
		A5097A652757A1CF00CE7DB5 /* SensorControlV1.swift */ = {isa = PBXFileReference; fileEncoding = 4; lastKnownFileType = sourcecode.swift; path = SensorControlV1.swift; sourceTree = "<group>"; };
		A5097A662757A1CF00CE7DB5 /* SpheroV1Toy.swift */ = {isa = PBXFileReference; fileEncoding = 4; lastKnownFileType = sourcecode.swift; path = SpheroV1Toy.swift; sourceTree = "<group>"; };
		A5097A672757A1CF00CE7DB5 /* SpheroV1ToyCore.swift */ = {isa = PBXFileReference; fileEncoding = 4; lastKnownFileType = sourcecode.swift; path = SpheroV1ToyCore.swift; sourceTree = "<group>"; };
		A5097A682757A1CF00CE7DB5 /* BB8Toy.swift */ = {isa = PBXFileReference; fileEncoding = 4; lastKnownFileType = sourcecode.swift; path = BB8Toy.swift; sourceTree = "<group>"; };
		A5097A6A2757A1CF00CE7DB5 /* SensorControlV2.swift */ = {isa = PBXFileReference; fileEncoding = 4; lastKnownFileType = sourcecode.swift; path = SensorControlV2.swift; sourceTree = "<group>"; };
		A5097A6B2757A1CF00CE7DB5 /* BB9EToy.swift */ = {isa = PBXFileReference; fileEncoding = 4; lastKnownFileType = sourcecode.swift; path = BB9EToy.swift; sourceTree = "<group>"; };
		A5097A6C2757A1CF00CE7DB5 /* SpheroV2Toy.swift */ = {isa = PBXFileReference; fileEncoding = 4; lastKnownFileType = sourcecode.swift; path = SpheroV2Toy.swift; sourceTree = "<group>"; };
		A5097A6D2757A1CF00CE7DB5 /* BoltToy.swift */ = {isa = PBXFileReference; fileEncoding = 4; lastKnownFileType = sourcecode.swift; path = BoltToy.swift; sourceTree = "<group>"; };
		A5097A6E2757A1CF00CE7DB5 /* R2D2Toy.swift */ = {isa = PBXFileReference; fileEncoding = 4; lastKnownFileType = sourcecode.swift; path = R2D2Toy.swift; sourceTree = "<group>"; };
		A5097A6F2757A1CF00CE7DB5 /* SpheroV2ToyCore.swift */ = {isa = PBXFileReference; fileEncoding = 4; lastKnownFileType = sourcecode.swift; path = SpheroV2ToyCore.swift; sourceTree = "<group>"; };
		A5097A702757A1CF00CE7DB5 /* MiniToy.swift */ = {isa = PBXFileReference; fileEncoding = 4; lastKnownFileType = sourcecode.swift; path = MiniToy.swift; sourceTree = "<group>"; };
		A5097A712757A1CF00CE7DB5 /* ToyProtocols.swift */ = {isa = PBXFileReference; fileEncoding = 4; lastKnownFileType = sourcecode.swift; path = ToyProtocols.swift; sourceTree = "<group>"; };
		A5097A722757A1D000CE7DB5 /* CBUUID+SpheroUUIDs.swift */ = {isa = PBXFileReference; fileEncoding = 4; lastKnownFileType = sourcecode.swift; path = "CBUUID+SpheroUUIDs.swift"; sourceTree = "<group>"; };
		A5097A742757A1D000CE7DB5 /* ToyBox.swift */ = {isa = PBXFileReference; fileEncoding = 4; lastKnownFileType = sourcecode.swift; path = ToyBox.swift; sourceTree = "<group>"; };
		A5097A872757A20C00CE7DB5 /* SensorUtils.swift */ = {isa = PBXFileReference; fileEncoding = 4; lastKnownFileType = sourcecode.swift; path = SensorUtils.swift; sourceTree = "<group>"; };
		A5097A892757A20C00CE7DB5 /* CommandOperationV2.swift */ = {isa = PBXFileReference; fileEncoding = 4; lastKnownFileType = sourcecode.swift; path = CommandOperationV2.swift; sourceTree = "<group>"; };
		A5097A8A2757A20C00CE7DB5 /* CommandSequencerV2.swift */ = {isa = PBXFileReference; fileEncoding = 4; lastKnownFileType = sourcecode.swift; path = CommandSequencerV2.swift; sourceTree = "<group>"; };
		A5097A8B2757A20C00CE7DB5 /* CommandV2.swift */ = {isa = PBXFileReference; fileEncoding = 4; lastKnownFileType = sourcecode.swift; path = CommandV2.swift; sourceTree = "<group>"; };
		A5097A8D2757A20C00CE7DB5 /* VersionsCommandResponse.swift */ = {isa = PBXFileReference; fileEncoding = 4; lastKnownFileType = sourcecode.swift; path = VersionsCommandResponse.swift; sourceTree = "<group>"; };
		A5097A8E2757A20C00CE7DB5 /* ShouldActionCompleteResponse.swift */ = {isa = PBXFileReference; fileEncoding = 4; lastKnownFileType = sourcecode.swift; path = ShouldActionCompleteResponse.swift; sourceTree = "<group>"; };
		A5097A8F2757A20C00CE7DB5 /* SensorCommandResponseV2.swift */ = {isa = PBXFileReference; fileEncoding = 4; lastKnownFileType = sourcecode.swift; path = SensorCommandResponseV2.swift; sourceTree = "<group>"; };
		A5097A902757A20C00CE7DB5 /* SensorCommandResponse.swift */ = {isa = PBXFileReference; fileEncoding = 4; lastKnownFileType = sourcecode.swift; path = SensorCommandResponse.swift; sourceTree = "<group>"; };
		A5097A912757A20C00CE7DB5 /* SensorMaskCommandResponse.swift */ = {isa = PBXFileReference; fileEncoding = 4; lastKnownFileType = sourcecode.swift; path = SensorMaskCommandResponse.swift; sourceTree = "<group>"; };
		A5097A922757A20C00CE7DB5 /* PowerStateResponse.swift */ = {isa = PBXFileReference; fileEncoding = 4; lastKnownFileType = sourcecode.swift; path = PowerStateResponse.swift; sourceTree = "<group>"; };
		A5097A932757A20C00CE7DB5 /* CollisionData.swift */ = {isa = PBXFileReference; fileEncoding = 4; lastKnownFileType = sourcecode.swift; path = CollisionData.swift; sourceTree = "<group>"; };
		A5097A952757A20C00CE7DB5 /* CommandV1Operation.swift */ = {isa = PBXFileReference; fileEncoding = 4; lastKnownFileType = sourcecode.swift; path = CommandV1Operation.swift; sourceTree = "<group>"; };
		A5097A962757A20C00CE7DB5 /* CommandV1Sequencer.swift */ = {isa = PBXFileReference; fileEncoding = 4; lastKnownFileType = sourcecode.swift; path = CommandV1Sequencer.swift; sourceTree = "<group>"; };
		A5097A972757A20C00CE7DB5 /* CommandV1.swift */ = {isa = PBXFileReference; fileEncoding = 4; lastKnownFileType = sourcecode.swift; path = CommandV1.swift; sourceTree = "<group>"; };
		A5097AA82757A3EA00CE7DB5 /* ConnectionViewController.swift */ = {isa = PBXFileReference; lastKnownFileType = sourcecode.swift; path = ConnectionViewController.swift; sourceTree = "<group>"; };
		A551539627580019000B2AA7 /* SocketIO.framework */ = {isa = PBXFileReference; explicitFileType = wrapper.framework; path = SocketIO.framework; sourceTree = BUILT_PRODUCTS_DIR; };
		A551539A2758001D000B2AA7 /* Starscream.framework */ = {isa = PBXFileReference; explicitFileType = wrapper.framework; path = Starscream.framework; sourceTree = BUILT_PRODUCTS_DIR; };
		A551539D275800E3000B2AA7 /* Starscream.framework */ = {isa = PBXFileReference; explicitFileType = wrapper.framework; path = Starscream.framework; sourceTree = BUILT_PRODUCTS_DIR; };
		A55E48E727591342003144AD /* IAViewController.swift */ = {isa = PBXFileReference; lastKnownFileType = sourcecode.swift; path = IAViewController.swift; sourceTree = "<group>"; };
		A572E7ED2769F881008CBA6E /* XavierViewController.swift */ = {isa = PBXFileReference; lastKnownFileType = sourcecode.swift; path = XavierViewController.swift; sourceTree = "<group>"; };
		A5A7D696276783A60040D450 /* PredictViewController.swift */ = {isa = PBXFileReference; lastKnownFileType = sourcecode.swift; path = PredictViewController.swift; sourceTree = "<group>"; };
		A5E439B827591646000FD6E6 /* GraphView.swift */ = {isa = PBXFileReference; fileEncoding = 4; lastKnownFileType = sourcecode.swift; path = GraphView.swift; sourceTree = "<group>"; };
		A5E439B927591646000FD6E6 /* CGContext+GraphLines.swift */ = {isa = PBXFileReference; fileEncoding = 4; lastKnownFileType = sourcecode.swift; path = "CGContext+GraphLines.swift"; sourceTree = "<group>"; };
		A5E439BA27591646000FD6E6 /* GraphSegment.swift */ = {isa = PBXFileReference; fileEncoding = 4; lastKnownFileType = sourcecode.swift; path = GraphSegment.swift; sourceTree = "<group>"; };
		A5E439BF275A2A4E000FD6E6 /* Storage.swift */ = {isa = PBXFileReference; fileEncoding = 4; lastKnownFileType = sourcecode.swift; path = Storage.swift; sourceTree = "<group>"; };
		A5E439C0275A2A4E000FD6E6 /* Random.swift */ = {isa = PBXFileReference; fileEncoding = 4; lastKnownFileType = sourcecode.swift; path = Random.swift; sourceTree = "<group>"; };
		A5E439C1275A2A4E000FD6E6 /* FFNN+Storage.swift */ = {isa = PBXFileReference; fileEncoding = 4; lastKnownFileType = sourcecode.swift; path = "FFNN+Storage.swift"; sourceTree = "<group>"; };
		A5E439C2275A2A4E000FD6E6 /* Vector.swift */ = {isa = PBXFileReference; fileEncoding = 4; lastKnownFileType = sourcecode.swift; path = Vector.swift; sourceTree = "<group>"; };
		A5E439C3275A2A4E000FD6E6 /* FFNN.swift */ = {isa = PBXFileReference; fileEncoding = 4; lastKnownFileType = sourcecode.swift; path = FFNN.swift; sourceTree = "<group>"; };
		A5E439C4275A2A4E000FD6E6 /* Operations.swift */ = {isa = PBXFileReference; fileEncoding = 4; lastKnownFileType = sourcecode.swift; path = Operations.swift; sourceTree = "<group>"; };
		A5E439C5275A2A4E000FD6E6 /* Matrix.swift */ = {isa = PBXFileReference; fileEncoding = 4; lastKnownFileType = sourcecode.swift; path = Matrix.swift; sourceTree = "<group>"; };
		A5E439C6275A2A4E000FD6E6 /* FFNN+Metal.swift */ = {isa = PBXFileReference; fileEncoding = 4; lastKnownFileType = sourcecode.swift; path = "FFNN+Metal.swift"; sourceTree = "<group>"; };
		A8332B3D1C9EAE00C709F2AD /* Pods-Projet Drone.release.xcconfig */ = {isa = PBXFileReference; includeInIndex = 1; lastKnownFileType = text.xcconfig; name = "Pods-Projet Drone.release.xcconfig"; path = "Target Support Files/Pods-Projet Drone/Pods-Projet Drone.release.xcconfig"; sourceTree = "<group>"; };
		D78847192287C2A3AEFF7E09 /* Pods-Projet Drone.debug.xcconfig */ = {isa = PBXFileReference; includeInIndex = 1; lastKnownFileType = text.xcconfig; name = "Pods-Projet Drone.debug.xcconfig"; path = "Target Support Files/Pods-Projet Drone/Pods-Projet Drone.debug.xcconfig"; sourceTree = "<group>"; };
/* End PBXFileReference section */

/* Begin PBXFrameworksBuildPhase section */
		A5035FB327578B45007E379D /* Frameworks */ = {
			isa = PBXFrameworksBuildPhase;
			buildActionMask = 2147483647;
			files = (
				A55153A227580177000B2AA7 /* Pods_Projet_Drone.framework in Frameworks */,
			);
			runOnlyForDeploymentPostprocessing = 0;
		};
/* End PBXFrameworksBuildPhase section */

/* Begin PBXGroup section */
		2862876B98B0BEE2EEF2B011 /* Pods */ = {
			isa = PBXGroup;
			children = (
				D78847192287C2A3AEFF7E09 /* Pods-Projet Drone.debug.xcconfig */,
				A8332B3D1C9EAE00C709F2AD /* Pods-Projet Drone.release.xcconfig */,
			);
			path = Pods;
			sourceTree = "<group>";
		};
		A50151672757F84600DD666E /* SocketIO */ = {
			isa = PBXGroup;
			children = (
				A50151682757F84600DD666E /* SocketIOManager.swift */,
			);
			path = SocketIO;
			sourceTree = "<group>";
		};
		A5035FAD27578B45007E379D = {
			isa = PBXGroup;
			children = (
				A5035FB827578B45007E379D /* Projet Drone */,
				A5035FB727578B45007E379D /* Products */,
				A5035FF127578CAA007E379D /* Frameworks */,
				2862876B98B0BEE2EEF2B011 /* Pods */,
			);
			sourceTree = "<group>";
		};
		A5035FB727578B45007E379D /* Products */ = {
			isa = PBXGroup;
			children = (
				A5035FB627578B45007E379D /* Projet Drone.app */,
			);
			name = Products;
			sourceTree = "<group>";
		};
		A5035FB827578B45007E379D /* Projet Drone */ = {
			isa = PBXGroup;
			children = (
				A5E439BE275A2A4E000FD6E6 /* NeuralNet */,
				A5E439B727591646000FD6E6 /* Graph */,
				A50151672757F84600DD666E /* SocketIO */,
				A5097A532757A11700CE7DB5 /* SpheroSDK */,
				A5035FB927578B45007E379D /* AppDelegate.swift */,
				A5035FBB27578B45007E379D /* SceneDelegate.swift */,
				A5035FBD27578B45007E379D /* ViewController.swift */,
				A5035FBF27578B45007E379D /* Main.storyboard */,
				A5035FC227578B48007E379D /* Assets.xcassets */,
				A5035FC427578B48007E379D /* LaunchScreen.storyboard */,
				A5035FC727578B48007E379D /* Info.plist */,
				A5097AA82757A3EA00CE7DB5 /* ConnectionViewController.swift */,
				A55E48E727591342003144AD /* IAViewController.swift */,
				A5A7D696276783A60040D450 /* PredictViewController.swift */,
				A572E7ED2769F881008CBA6E /* XavierViewController.swift */,
			);
			path = "Projet Drone";
			sourceTree = "<group>";
		};
		A5035FF127578CAA007E379D /* Frameworks */ = {
			isa = PBXGroup;
			children = (
				A551539D275800E3000B2AA7 /* Starscream.framework */,
				A551539A2758001D000B2AA7 /* Starscream.framework */,
				A551539627580019000B2AA7 /* SocketIO.framework */,
				7E93886F2C69BF06624DF68E /* Pods_Projet_Drone.framework */,
			);
			name = Frameworks;
			sourceTree = "<group>";
		};
		A5097A532757A11700CE7DB5 /* SpheroSDK */ = {
			isa = PBXGroup;
			children = (
				A5097A562757A16100CE7DB5 /* SDK */,
				A5097A542757A14700CE7DB5 /* SpheroToyBox.swift */,
			);
			path = SpheroSDK;
			sourceTree = "<group>";
		};
		A5097A562757A16100CE7DB5 /* SDK */ = {
			isa = PBXGroup;
			children = (
				A5097A5F2757A1CF00CE7DB5 /* BLE */,
				A5097A862757A20C00CE7DB5 /* Commands */,
				A5097A572757A18000CE7DB5 /* SDKUtils.swift */,
				A5097A592757A1A300CE7DB5 /* Color+Utils.swift */,
				A5097A5A2757A1A300CE7DB5 /* Double+Utils.swift */,
				A5097A5B2757A1A300CE7DB5 /* String+Utils.swift */,
			);
			path = SDK;
			sourceTree = "<group>";
		};
		A5097A5F2757A1CF00CE7DB5 /* BLE */ = {
			isa = PBXGroup;
			children = (
				A5097A602757A1CF00CE7DB5 /* Toy */,
				A5097A722757A1D000CE7DB5 /* CBUUID+SpheroUUIDs.swift */,
				A5097A732757A1D000CE7DB5 /* ToyBox */,
			);
			path = BLE;
			sourceTree = "<group>";
		};
		A5097A602757A1CF00CE7DB5 /* Toy */ = {
			isa = PBXGroup;
			children = (
				A5097A612757A1CF00CE7DB5 /* Toy.swift */,
				A5097A622757A1CF00CE7DB5 /* SensorControl.swift */,
				A5097A632757A1CF00CE7DB5 /* V1Toys */,
				A5097A692757A1CF00CE7DB5 /* V2Toys */,
				A5097A712757A1CF00CE7DB5 /* ToyProtocols.swift */,
			);
			path = Toy;
			sourceTree = "<group>";
		};
		A5097A632757A1CF00CE7DB5 /* V1Toys */ = {
			isa = PBXGroup;
			children = (
				A5097A642757A1CF00CE7DB5 /* SPRKToy.swift */,
				A5097A652757A1CF00CE7DB5 /* SensorControlV1.swift */,
				A5097A662757A1CF00CE7DB5 /* SpheroV1Toy.swift */,
				A5097A672757A1CF00CE7DB5 /* SpheroV1ToyCore.swift */,
				A5097A682757A1CF00CE7DB5 /* BB8Toy.swift */,
			);
			path = V1Toys;
			sourceTree = "<group>";
		};
		A5097A692757A1CF00CE7DB5 /* V2Toys */ = {
			isa = PBXGroup;
			children = (
				A5097A6A2757A1CF00CE7DB5 /* SensorControlV2.swift */,
				A5097A6B2757A1CF00CE7DB5 /* BB9EToy.swift */,
				A5097A6C2757A1CF00CE7DB5 /* SpheroV2Toy.swift */,
				A5097A6D2757A1CF00CE7DB5 /* BoltToy.swift */,
				A5097A6E2757A1CF00CE7DB5 /* R2D2Toy.swift */,
				A5097A6F2757A1CF00CE7DB5 /* SpheroV2ToyCore.swift */,
				A5097A702757A1CF00CE7DB5 /* MiniToy.swift */,
			);
			path = V2Toys;
			sourceTree = "<group>";
		};
		A5097A732757A1D000CE7DB5 /* ToyBox */ = {
			isa = PBXGroup;
			children = (
				A5097A742757A1D000CE7DB5 /* ToyBox.swift */,
			);
			path = ToyBox;
			sourceTree = "<group>";
		};
		A5097A862757A20C00CE7DB5 /* Commands */ = {
			isa = PBXGroup;
			children = (
				A5097A872757A20C00CE7DB5 /* SensorUtils.swift */,
				A5097A882757A20C00CE7DB5 /* CommandV2 */,
				A5097A8C2757A20C00CE7DB5 /* CommandResponses */,
				A5097A942757A20C00CE7DB5 /* CommandV1 */,
			);
			path = Commands;
			sourceTree = "<group>";
		};
		A5097A882757A20C00CE7DB5 /* CommandV2 */ = {
			isa = PBXGroup;
			children = (
				A5097A892757A20C00CE7DB5 /* CommandOperationV2.swift */,
				A5097A8A2757A20C00CE7DB5 /* CommandSequencerV2.swift */,
				A5097A8B2757A20C00CE7DB5 /* CommandV2.swift */,
			);
			path = CommandV2;
			sourceTree = "<group>";
		};
		A5097A8C2757A20C00CE7DB5 /* CommandResponses */ = {
			isa = PBXGroup;
			children = (
				A5097A8D2757A20C00CE7DB5 /* VersionsCommandResponse.swift */,
				A5097A8E2757A20C00CE7DB5 /* ShouldActionCompleteResponse.swift */,
				A5097A8F2757A20C00CE7DB5 /* SensorCommandResponseV2.swift */,
				A5097A902757A20C00CE7DB5 /* SensorCommandResponse.swift */,
				A5097A912757A20C00CE7DB5 /* SensorMaskCommandResponse.swift */,
				A5097A922757A20C00CE7DB5 /* PowerStateResponse.swift */,
				A5097A932757A20C00CE7DB5 /* CollisionData.swift */,
			);
			path = CommandResponses;
			sourceTree = "<group>";
		};
		A5097A942757A20C00CE7DB5 /* CommandV1 */ = {
			isa = PBXGroup;
			children = (
				A5097A952757A20C00CE7DB5 /* CommandV1Operation.swift */,
				A5097A962757A20C00CE7DB5 /* CommandV1Sequencer.swift */,
				A5097A972757A20C00CE7DB5 /* CommandV1.swift */,
			);
			path = CommandV1;
			sourceTree = "<group>";
		};
		A5E439B727591646000FD6E6 /* Graph */ = {
			isa = PBXGroup;
			children = (
				A5E439B827591646000FD6E6 /* GraphView.swift */,
				A5E439B927591646000FD6E6 /* CGContext+GraphLines.swift */,
				A5E439BA27591646000FD6E6 /* GraphSegment.swift */,
			);
			path = Graph;
			sourceTree = "<group>";
		};
		A5E439BE275A2A4E000FD6E6 /* NeuralNet */ = {
			isa = PBXGroup;
			children = (
				A5E439BF275A2A4E000FD6E6 /* Storage.swift */,
				A5E439C0275A2A4E000FD6E6 /* Random.swift */,
				A5E439C1275A2A4E000FD6E6 /* FFNN+Storage.swift */,
				A5E439C2275A2A4E000FD6E6 /* Vector.swift */,
				A5E439C3275A2A4E000FD6E6 /* FFNN.swift */,
				A5E439C4275A2A4E000FD6E6 /* Operations.swift */,
				A5E439C5275A2A4E000FD6E6 /* Matrix.swift */,
				A5E439C6275A2A4E000FD6E6 /* FFNN+Metal.swift */,
			);
			path = NeuralNet;
			sourceTree = "<group>";
		};
/* End PBXGroup section */

/* Begin PBXNativeTarget section */
		A5035FB527578B45007E379D /* Projet Drone */ = {
			isa = PBXNativeTarget;
			buildConfigurationList = A5035FCA27578B48007E379D /* Build configuration list for PBXNativeTarget "Projet Drone" */;
			buildPhases = (
				E1E4B10DB7975400A37CC34A /* [CP] Check Pods Manifest.lock */,
				A5035FB227578B45007E379D /* Sources */,
				A5035FB327578B45007E379D /* Frameworks */,
				A5035FB427578B45007E379D /* Resources */,
				7C930E27D3FB33897CB17C99 /* [CP] Embed Pods Frameworks */,
			);
			buildRules = (
			);
			dependencies = (
			);
			name = "Projet Drone";
			productName = "Projet Drone";
			productReference = A5035FB627578B45007E379D /* Projet Drone.app */;
			productType = "com.apple.product-type.application";
		};
/* End PBXNativeTarget section */

/* Begin PBXProject section */
		A5035FAE27578B45007E379D /* Project object */ = {
			isa = PBXProject;
			attributes = {
				LastSwiftUpdateCheck = 1250;
				LastUpgradeCheck = 1250;
				TargetAttributes = {
					A5035FB527578B45007E379D = {
						CreatedOnToolsVersion = 12.5.1;
					};
				};
			};
			buildConfigurationList = A5035FB127578B45007E379D /* Build configuration list for PBXProject "Projet Drone" */;
			compatibilityVersion = "Xcode 9.3";
			developmentRegion = en;
			hasScannedForEncodings = 0;
			knownRegions = (
				en,
				Base,
			);
			mainGroup = A5035FAD27578B45007E379D;
			productRefGroup = A5035FB727578B45007E379D /* Products */;
			projectDirPath = "";
			projectRoot = "";
			targets = (
				A5035FB527578B45007E379D /* Projet Drone */,
			);
		};
/* End PBXProject section */

/* Begin PBXResourcesBuildPhase section */
		A5035FB427578B45007E379D /* Resources */ = {
			isa = PBXResourcesBuildPhase;
			buildActionMask = 2147483647;
			files = (
				A5035FC627578B48007E379D /* LaunchScreen.storyboard in Resources */,
				A5035FC327578B48007E379D /* Assets.xcassets in Resources */,
				A5035FC127578B45007E379D /* Main.storyboard in Resources */,
			);
			runOnlyForDeploymentPostprocessing = 0;
		};
/* End PBXResourcesBuildPhase section */

/* Begin PBXShellScriptBuildPhase section */
		7C930E27D3FB33897CB17C99 /* [CP] Embed Pods Frameworks */ = {
			isa = PBXShellScriptBuildPhase;
			buildActionMask = 2147483647;
			files = (
			);
			inputFileListPaths = (
				"${PODS_ROOT}/Target Support Files/Pods-Projet Drone/Pods-Projet Drone-frameworks-${CONFIGURATION}-input-files.xcfilelist",
			);
			name = "[CP] Embed Pods Frameworks";
			outputFileListPaths = (
				"${PODS_ROOT}/Target Support Files/Pods-Projet Drone/Pods-Projet Drone-frameworks-${CONFIGURATION}-output-files.xcfilelist",
			);
			runOnlyForDeploymentPostprocessing = 0;
			shellPath = /bin/sh;
			shellScript = "\"${PODS_ROOT}/Target Support Files/Pods-Projet Drone/Pods-Projet Drone-frameworks.sh\"\n";
			showEnvVarsInLog = 0;
		};
		E1E4B10DB7975400A37CC34A /* [CP] Check Pods Manifest.lock */ = {
			isa = PBXShellScriptBuildPhase;
			buildActionMask = 2147483647;
			files = (
			);
			inputFileListPaths = (
			);
			inputPaths = (
				"${PODS_PODFILE_DIR_PATH}/Podfile.lock",
				"${PODS_ROOT}/Manifest.lock",
			);
			name = "[CP] Check Pods Manifest.lock";
			outputFileListPaths = (
			);
			outputPaths = (
				"$(DERIVED_FILE_DIR)/Pods-Projet Drone-checkManifestLockResult.txt",
			);
			runOnlyForDeploymentPostprocessing = 0;
			shellPath = /bin/sh;
			shellScript = "diff \"${PODS_PODFILE_DIR_PATH}/Podfile.lock\" \"${PODS_ROOT}/Manifest.lock\" > /dev/null\nif [ $? != 0 ] ; then\n    # print error to STDERR\n    echo \"error: The sandbox is not in sync with the Podfile.lock. Run 'pod install' or update your CocoaPods installation.\" >&2\n    exit 1\nfi\n# This output is used by Xcode 'outputs' to avoid re-running this script phase.\necho \"SUCCESS\" > \"${SCRIPT_OUTPUT_FILE_0}\"\n";
			showEnvVarsInLog = 0;
		};
/* End PBXShellScriptBuildPhase section */

/* Begin PBXSourcesBuildPhase section */
		A5035FB227578B45007E379D /* Sources */ = {
			isa = PBXSourcesBuildPhase;
			buildActionMask = 2147483647;
			files = (
				A5E439BD27591646000FD6E6 /* GraphSegment.swift in Sources */,
				A5097A772757A1D000CE7DB5 /* SPRKToy.swift in Sources */,
				A5097A5E2757A1A300CE7DB5 /* String+Utils.swift in Sources */,
				A5097A9D2757A20C00CE7DB5 /* ShouldActionCompleteResponse.swift in Sources */,
				A5097A852757A1D000CE7DB5 /* ToyBox.swift in Sources */,
				A5E439C9275A2A4E000FD6E6 /* FFNN+Storage.swift in Sources */,
				A5A7D697276783A60040D450 /* PredictViewController.swift in Sources */,
				A5E439C8275A2A4E000FD6E6 /* Random.swift in Sources */,
				A5097A832757A1D000CE7DB5 /* ToyProtocols.swift in Sources */,
				A5097A782757A1D000CE7DB5 /* SensorControlV1.swift in Sources */,
				A5E439CC275A2A4E000FD6E6 /* Operations.swift in Sources */,
				A5097AA42757A20C00CE7DB5 /* CommandV1Sequencer.swift in Sources */,
				A5097A7C2757A1D000CE7DB5 /* SensorControlV2.swift in Sources */,
				A5E439BC27591646000FD6E6 /* CGContext+GraphLines.swift in Sources */,
				A5097A842757A1D000CE7DB5 /* CBUUID+SpheroUUIDs.swift in Sources */,
				A5097A9E2757A20C00CE7DB5 /* SensorCommandResponseV2.swift in Sources */,
				A501516B2757F84600DD666E /* SocketIOManager.swift in Sources */,
				A5E439CD275A2A4E000FD6E6 /* Matrix.swift in Sources */,
				A5097A5D2757A1A300CE7DB5 /* Double+Utils.swift in Sources */,
				A5097A9B2757A20C00CE7DB5 /* CommandV2.swift in Sources */,
				A5E439C7275A2A4E000FD6E6 /* Storage.swift in Sources */,
				A5097A7F2757A1D000CE7DB5 /* BoltToy.swift in Sources */,
				A5097AA02757A20C00CE7DB5 /* SensorMaskCommandResponse.swift in Sources */,
				A5097A9A2757A20C00CE7DB5 /* CommandSequencerV2.swift in Sources */,
				A5035FBE27578B45007E379D /* ViewController.swift in Sources */,
				A5097A762757A1D000CE7DB5 /* SensorControl.swift in Sources */,
				A55E48E827591342003144AD /* IAViewController.swift in Sources */,
				A5E439CA275A2A4E000FD6E6 /* Vector.swift in Sources */,
				A5E439CB275A2A4E000FD6E6 /* FFNN.swift in Sources */,
				A5097AA22757A20C00CE7DB5 /* CollisionData.swift in Sources */,
				A5035FBA27578B45007E379D /* AppDelegate.swift in Sources */,
				A5097A9F2757A20C00CE7DB5 /* SensorCommandResponse.swift in Sources */,
				A5097AA32757A20C00CE7DB5 /* CommandV1Operation.swift in Sources */,
				A5097AA12757A20C00CE7DB5 /* PowerStateResponse.swift in Sources */,
				A5035FBC27578B45007E379D /* SceneDelegate.swift in Sources */,
				A5097A7B2757A1D000CE7DB5 /* BB8Toy.swift in Sources */,
				A5097A7D2757A1D000CE7DB5 /* BB9EToy.swift in Sources */,
				A5097A9C2757A20C00CE7DB5 /* VersionsCommandResponse.swift in Sources */,
				A5097A582757A18000CE7DB5 /* SDKUtils.swift in Sources */,
				A5097A792757A1D000CE7DB5 /* SpheroV1Toy.swift in Sources */,
				A5097A802757A1D000CE7DB5 /* R2D2Toy.swift in Sources */,
				A5097A822757A1D000CE7DB5 /* MiniToy.swift in Sources */,
				A5E439CE275A2A4E000FD6E6 /* FFNN+Metal.swift in Sources */,
				A5097A812757A1D000CE7DB5 /* SpheroV2ToyCore.swift in Sources */,
				A5097A752757A1D000CE7DB5 /* Toy.swift in Sources */,
				A5097AA52757A20C00CE7DB5 /* CommandV1.swift in Sources */,
				A5097A982757A20C00CE7DB5 /* SensorUtils.swift in Sources */,
				A5097A7A2757A1D000CE7DB5 /* SpheroV1ToyCore.swift in Sources */,
				A5097A552757A14700CE7DB5 /* SpheroToyBox.swift in Sources */,
				A5097A992757A20C00CE7DB5 /* CommandOperationV2.swift in Sources */,
				A5097A5C2757A1A300CE7DB5 /* Color+Utils.swift in Sources */,
				A572E7EE2769F881008CBA6E /* XavierViewController.swift in Sources */,
				A5E439BB27591646000FD6E6 /* GraphView.swift in Sources */,
				A5097AA92757A3EA00CE7DB5 /* ConnectionViewController.swift in Sources */,
				A5097A7E2757A1D000CE7DB5 /* SpheroV2Toy.swift in Sources */,
			);
			runOnlyForDeploymentPostprocessing = 0;
		};
/* End PBXSourcesBuildPhase section */

/* Begin PBXVariantGroup section */
		A5035FBF27578B45007E379D /* Main.storyboard */ = {
			isa = PBXVariantGroup;
			children = (
				A5035FC027578B45007E379D /* Base */,
			);
			name = Main.storyboard;
			sourceTree = "<group>";
		};
		A5035FC427578B48007E379D /* LaunchScreen.storyboard */ = {
			isa = PBXVariantGroup;
			children = (
				A5035FC527578B48007E379D /* Base */,
			);
			name = LaunchScreen.storyboard;
			sourceTree = "<group>";
		};
/* End PBXVariantGroup section */

/* Begin XCBuildConfiguration section */
		A5035FC827578B48007E379D /* Debug */ = {
			isa = XCBuildConfiguration;
			buildSettings = {
				ALWAYS_SEARCH_USER_PATHS = NO;
				CLANG_ANALYZER_NONNULL = YES;
				CLANG_ANALYZER_NUMBER_OBJECT_CONVERSION = YES_AGGRESSIVE;
				CLANG_CXX_LANGUAGE_STANDARD = "gnu++14";
				CLANG_CXX_LIBRARY = "libc++";
				CLANG_ENABLE_MODULES = YES;
				CLANG_ENABLE_OBJC_ARC = YES;
				CLANG_ENABLE_OBJC_WEAK = YES;
				CLANG_WARN_BLOCK_CAPTURE_AUTORELEASING = YES;
				CLANG_WARN_BOOL_CONVERSION = YES;
				CLANG_WARN_COMMA = YES;
				CLANG_WARN_CONSTANT_CONVERSION = YES;
				CLANG_WARN_DEPRECATED_OBJC_IMPLEMENTATIONS = YES;
				CLANG_WARN_DIRECT_OBJC_ISA_USAGE = YES_ERROR;
				CLANG_WARN_DOCUMENTATION_COMMENTS = YES;
				CLANG_WARN_EMPTY_BODY = YES;
				CLANG_WARN_ENUM_CONVERSION = YES;
				CLANG_WARN_INFINITE_RECURSION = YES;
				CLANG_WARN_INT_CONVERSION = YES;
				CLANG_WARN_NON_LITERAL_NULL_CONVERSION = YES;
				CLANG_WARN_OBJC_IMPLICIT_RETAIN_SELF = YES;
				CLANG_WARN_OBJC_LITERAL_CONVERSION = YES;
				CLANG_WARN_OBJC_ROOT_CLASS = YES_ERROR;
				CLANG_WARN_QUOTED_INCLUDE_IN_FRAMEWORK_HEADER = YES;
				CLANG_WARN_RANGE_LOOP_ANALYSIS = YES;
				CLANG_WARN_STRICT_PROTOTYPES = YES;
				CLANG_WARN_SUSPICIOUS_MOVE = YES;
				CLANG_WARN_UNGUARDED_AVAILABILITY = YES_AGGRESSIVE;
				CLANG_WARN_UNREACHABLE_CODE = YES;
				CLANG_WARN__DUPLICATE_METHOD_MATCH = YES;
				COPY_PHASE_STRIP = NO;
				DEBUG_INFORMATION_FORMAT = dwarf;
				ENABLE_STRICT_OBJC_MSGSEND = YES;
				ENABLE_TESTABILITY = YES;
				GCC_C_LANGUAGE_STANDARD = gnu11;
				GCC_DYNAMIC_NO_PIC = NO;
				GCC_NO_COMMON_BLOCKS = YES;
				GCC_OPTIMIZATION_LEVEL = 0;
				GCC_PREPROCESSOR_DEFINITIONS = (
					"DEBUG=1",
					"$(inherited)",
				);
				GCC_WARN_64_TO_32_BIT_CONVERSION = YES;
				GCC_WARN_ABOUT_RETURN_TYPE = YES_ERROR;
				GCC_WARN_UNDECLARED_SELECTOR = YES;
				GCC_WARN_UNINITIALIZED_AUTOS = YES_AGGRESSIVE;
				GCC_WARN_UNUSED_FUNCTION = YES;
				GCC_WARN_UNUSED_VARIABLE = YES;
				IPHONEOS_DEPLOYMENT_TARGET = 14.5;
				MTL_ENABLE_DEBUG_INFO = INCLUDE_SOURCE;
				MTL_FAST_MATH = YES;
				ONLY_ACTIVE_ARCH = YES;
				SDKROOT = iphoneos;
				SWIFT_ACTIVE_COMPILATION_CONDITIONS = DEBUG;
				SWIFT_OPTIMIZATION_LEVEL = "-Onone";
			};
			name = Debug;
		};
		A5035FC927578B48007E379D /* Release */ = {
			isa = XCBuildConfiguration;
			buildSettings = {
				ALWAYS_SEARCH_USER_PATHS = NO;
				CLANG_ANALYZER_NONNULL = YES;
				CLANG_ANALYZER_NUMBER_OBJECT_CONVERSION = YES_AGGRESSIVE;
				CLANG_CXX_LANGUAGE_STANDARD = "gnu++14";
				CLANG_CXX_LIBRARY = "libc++";
				CLANG_ENABLE_MODULES = YES;
				CLANG_ENABLE_OBJC_ARC = YES;
				CLANG_ENABLE_OBJC_WEAK = YES;
				CLANG_WARN_BLOCK_CAPTURE_AUTORELEASING = YES;
				CLANG_WARN_BOOL_CONVERSION = YES;
				CLANG_WARN_COMMA = YES;
				CLANG_WARN_CONSTANT_CONVERSION = YES;
				CLANG_WARN_DEPRECATED_OBJC_IMPLEMENTATIONS = YES;
				CLANG_WARN_DIRECT_OBJC_ISA_USAGE = YES_ERROR;
				CLANG_WARN_DOCUMENTATION_COMMENTS = YES;
				CLANG_WARN_EMPTY_BODY = YES;
				CLANG_WARN_ENUM_CONVERSION = YES;
				CLANG_WARN_INFINITE_RECURSION = YES;
				CLANG_WARN_INT_CONVERSION = YES;
				CLANG_WARN_NON_LITERAL_NULL_CONVERSION = YES;
				CLANG_WARN_OBJC_IMPLICIT_RETAIN_SELF = YES;
				CLANG_WARN_OBJC_LITERAL_CONVERSION = YES;
				CLANG_WARN_OBJC_ROOT_CLASS = YES_ERROR;
				CLANG_WARN_QUOTED_INCLUDE_IN_FRAMEWORK_HEADER = YES;
				CLANG_WARN_RANGE_LOOP_ANALYSIS = YES;
				CLANG_WARN_STRICT_PROTOTYPES = YES;
				CLANG_WARN_SUSPICIOUS_MOVE = YES;
				CLANG_WARN_UNGUARDED_AVAILABILITY = YES_AGGRESSIVE;
				CLANG_WARN_UNREACHABLE_CODE = YES;
				CLANG_WARN__DUPLICATE_METHOD_MATCH = YES;
				COPY_PHASE_STRIP = NO;
				DEBUG_INFORMATION_FORMAT = "dwarf-with-dsym";
				ENABLE_NS_ASSERTIONS = NO;
				ENABLE_STRICT_OBJC_MSGSEND = YES;
				GCC_C_LANGUAGE_STANDARD = gnu11;
				GCC_NO_COMMON_BLOCKS = YES;
				GCC_WARN_64_TO_32_BIT_CONVERSION = YES;
				GCC_WARN_ABOUT_RETURN_TYPE = YES_ERROR;
				GCC_WARN_UNDECLARED_SELECTOR = YES;
				GCC_WARN_UNINITIALIZED_AUTOS = YES_AGGRESSIVE;
				GCC_WARN_UNUSED_FUNCTION = YES;
				GCC_WARN_UNUSED_VARIABLE = YES;
				IPHONEOS_DEPLOYMENT_TARGET = 14.5;
				MTL_ENABLE_DEBUG_INFO = NO;
				MTL_FAST_MATH = YES;
				SDKROOT = iphoneos;
				SWIFT_COMPILATION_MODE = wholemodule;
				SWIFT_OPTIMIZATION_LEVEL = "-O";
				VALIDATE_PRODUCT = YES;
			};
			name = Release;
		};
		A5035FCB27578B48007E379D /* Debug */ = {
			isa = XCBuildConfiguration;
			baseConfigurationReference = D78847192287C2A3AEFF7E09 /* Pods-Projet Drone.debug.xcconfig */;
			buildSettings = {
				ASSETCATALOG_COMPILER_APPICON_NAME = AppIcon;
				ASSETCATALOG_COMPILER_GLOBAL_ACCENT_COLOR_NAME = AccentColor;
				CODE_SIGN_STYLE = Automatic;
				DEVELOPMENT_TEAM = 99749TFNN2;
				INFOPLIST_FILE = "Projet Drone/Info.plist";
				IPHONEOS_DEPLOYMENT_TARGET = 13.0;
				LD_RUNPATH_SEARCH_PATHS = (
					"$(inherited)",
					"@executable_path/Frameworks",
				);
				PRODUCT_BUNDLE_IDENTIFIER = "com.vcreton.Projet-Dronevg";
				PRODUCT_NAME = "$(TARGET_NAME)";
				SWIFT_VERSION = 5.0;
				TARGETED_DEVICE_FAMILY = "1,2";
			};
			name = Debug;
		};
		A5035FCC27578B48007E379D /* Release */ = {
			isa = XCBuildConfiguration;
			baseConfigurationReference = A8332B3D1C9EAE00C709F2AD /* Pods-Projet Drone.release.xcconfig */;
			buildSettings = {
				ASSETCATALOG_COMPILER_APPICON_NAME = AppIcon;
				ASSETCATALOG_COMPILER_GLOBAL_ACCENT_COLOR_NAME = AccentColor;
				CODE_SIGN_STYLE = Automatic;
				DEVELOPMENT_TEAM = 99749TFNN2;
				INFOPLIST_FILE = "Projet Drone/Info.plist";
				IPHONEOS_DEPLOYMENT_TARGET = 13.0;
				LD_RUNPATH_SEARCH_PATHS = (
					"$(inherited)",
					"@executable_path/Frameworks",
				);
				PRODUCT_BUNDLE_IDENTIFIER = "com.vcreton.Projet-Dronevg";
				PRODUCT_NAME = "$(TARGET_NAME)";
				SWIFT_VERSION = 5.0;
				TARGETED_DEVICE_FAMILY = "1,2";
			};
			name = Release;
		};
/* End XCBuildConfiguration section */

/* Begin XCConfigurationList section */
		A5035FB127578B45007E379D /* Build configuration list for PBXProject "Projet Drone" */ = {
			isa = XCConfigurationList;
			buildConfigurations = (
				A5035FC827578B48007E379D /* Debug */,
				A5035FC927578B48007E379D /* Release */,
			);
			defaultConfigurationIsVisible = 0;
			defaultConfigurationName = Release;
		};
		A5035FCA27578B48007E379D /* Build configuration list for PBXNativeTarget "Projet Drone" */ = {
			isa = XCConfigurationList;
			buildConfigurations = (
				A5035FCB27578B48007E379D /* Debug */,
				A5035FCC27578B48007E379D /* Release */,
			);
			defaultConfigurationIsVisible = 0;
			defaultConfigurationName = Release;
		};
/* End XCConfigurationList section */
	};
	rootObject = A5035FAE27578B45007E379D /* Project object */;
}
